
Microsoft Visual Studio Solution File, Format Version 12.00
# Visual Studio Version 16
VisualStudioVersion = 16.0.32510.428
MinimumVisualStudioVersion = 10.0.40219.1
Project("{FAE04EC0-301F-11D3-BF4B-00C04F79EFBC}") = "Razor Syntax and Razor View Engine", "Razor Syntax and Razor View Engine\Razor Syntax and Razor View Engine.csproj", "{E34EA06E-D548-4976-8625-32018A23826D}"
EndProject
Global
	GlobalSection(SolutionConfigurationPlatforms) = preSolution
		Debug|Any CPU = Debug|Any CPU
		Release|Any CPU = Release|Any CPU
	EndGlobalSection
	GlobalSection(ProjectConfigurationPlatforms) = postSolution
		{E34EA06E-D548-4976-8625-32018A23826D}.Debug|Any CPU.ActiveCfg = Debug|Any CPU
		{E34EA06E-D548-4976-8625-32018A23826D}.Debug|Any CPU.Build.0 = Debug|Any CPU
		{E34EA06E-D548-4976-8625-32018A23826D}.Release|Any CPU.ActiveCfg = Release|Any CPU
		{E34EA06E-D548-4976-8625-32018A23826D}.Release|Any CPU.Build.0 = Release|Any CPU
	EndGlobalSection
	GlobalSection(SolutionProperties) = preSolution
		HideSolutionNode = FALSE
	EndGlobalSection
	GlobalSection(ExtensibilityGlobals) = postSolution
		SolutionGuid = {06A145AA-352B-4CF7-B387-608E900593EB}
	EndGlobalSection
EndGlobal
