
Microsoft Visual Studio Solution File, Format Version 12.00
# Visual Studio Version 16
VisualStudioVersion = 16.0.32510.428
MinimumVisualStudioVersion = 10.0.40219.1
Project("{FAE04EC0-301F-11D3-BF4B-00C04F79EFBC}") = "Difference betwwen cookies and session", "Difference betwwen cookies and session\Difference betwwen cookies and session.csproj", "{C63611E8-8329-42D6-936F-302C30BDB084}"
EndProject
Global
	GlobalSection(SolutionConfigurationPlatforms) = preSolution
		Debug|Any CPU = Debug|Any CPU
		Release|Any CPU = Release|Any CPU
	EndGlobalSection
	GlobalSection(ProjectConfigurationPlatforms) = postSolution
		{C63611E8-8329-42D6-936F-302C30BDB084}.Debug|Any CPU.ActiveCfg = Debug|Any CPU
		{C63611E8-8329-42D6-936F-302C30BDB084}.Debug|Any CPU.Build.0 = Debug|Any CPU
		{C63611E8-8329-42D6-936F-302C30BDB084}.Release|Any CPU.ActiveCfg = Release|Any CPU
		{C63611E8-8329-42D6-936F-302C30BDB084}.Release|Any CPU.Build.0 = Release|Any CPU
	EndGlobalSection
	GlobalSection(SolutionProperties) = preSolution
		HideSolutionNode = FALSE
	EndGlobalSection
	GlobalSection(ExtensibilityGlobals) = postSolution
		SolutionGuid = {5A4FAC8A-046E-4F5B-8F0F-DEBA05FFE33D}
	EndGlobalSection
EndGlobal
