
Microsoft Visual Studio Solution File, Format Version 12.00
# Visual Studio Version 16
VisualStudioVersion = 16.0.32510.428
MinimumVisualStudioVersion = 10.0.40219.1
Project("{FAE04EC0-301F-11D3-BF4B-00C04F79EFBC}") = "WebApplication", "WebApplication\WebApplication.csproj", "{AC4604A9-B992-4695-B490-BBB0D7CFEF1C}"
EndProject
Project("{FAE04EC0-301F-11D3-BF4B-00C04F79EFBC}") = "WebApplication.Tests", "WebApplication.Tests\WebApplication.Tests.csproj", "{EB184572-64FC-43BB-AA9C-68DB602ED5E0}"
EndProject
Global
	GlobalSection(SolutionConfigurationPlatforms) = preSolution
		Debug|Any CPU = Debug|Any CPU
		Release|Any CPU = Release|Any CPU
	EndGlobalSection
	GlobalSection(ProjectConfigurationPlatforms) = postSolution
		{AC4604A9-B992-4695-B490-BBB0D7CFEF1C}.Debug|Any CPU.ActiveCfg = Debug|Any CPU
		{AC4604A9-B992-4695-B490-BBB0D7CFEF1C}.Debug|Any CPU.Build.0 = Debug|Any CPU
		{AC4604A9-B992-4695-B490-BBB0D7CFEF1C}.Release|Any CPU.ActiveCfg = Release|Any CPU
		{AC4604A9-B992-4695-B490-BBB0D7CFEF1C}.Release|Any CPU.Build.0 = Release|Any CPU
		{EB184572-64FC-43BB-AA9C-68DB602ED5E0}.Debug|Any CPU.ActiveCfg = Debug|Any CPU
		{EB184572-64FC-43BB-AA9C-68DB602ED5E0}.Debug|Any CPU.Build.0 = Debug|Any CPU
		{EB184572-64FC-43BB-AA9C-68DB602ED5E0}.Release|Any CPU.ActiveCfg = Release|Any CPU
		{EB184572-64FC-43BB-AA9C-68DB602ED5E0}.Release|Any CPU.Build.0 = Release|Any CPU
	EndGlobalSection
	GlobalSection(SolutionProperties) = preSolution
		HideSolutionNode = FALSE
	EndGlobalSection
	GlobalSection(ExtensibilityGlobals) = postSolution
		SolutionGuid = {3B26BBBC-4C7E-458C-B123-2F72BC09C732}
	EndGlobalSection
EndGlobal
