
Microsoft Visual Studio Solution File, Format Version 12.00
# Visual Studio Version 16
VisualStudioVersion = 16.0.32510.428
MinimumVisualStudioVersion = 10.0.40219.1
Project("{FAE04EC0-301F-11D3-BF4B-00C04F79EFBC}") = "ActionMethod_Demo", "ActionMethod_Demo\ActionMethod_Demo.csproj", "{01E9235F-9079-46B3-B86B-EBCB9D59E138}"
EndProject
Global
	GlobalSection(SolutionConfigurationPlatforms) = preSolution
		Debug|Any CPU = Debug|Any CPU
		Release|Any CPU = Release|Any CPU
	EndGlobalSection
	GlobalSection(ProjectConfigurationPlatforms) = postSolution
		{01E9235F-9079-46B3-B86B-EBCB9D59E138}.Debug|Any CPU.ActiveCfg = Debug|Any CPU
		{01E9235F-9079-46B3-B86B-EBCB9D59E138}.Debug|Any CPU.Build.0 = Debug|Any CPU
		{01E9235F-9079-46B3-B86B-EBCB9D59E138}.Release|Any CPU.ActiveCfg = Release|Any CPU
		{01E9235F-9079-46B3-B86B-EBCB9D59E138}.Release|Any CPU.Build.0 = Release|Any CPU
	EndGlobalSection
	GlobalSection(SolutionProperties) = preSolution
		HideSolutionNode = FALSE
	EndGlobalSection
	GlobalSection(ExtensibilityGlobals) = postSolution
		SolutionGuid = {E1462792-24D5-4368-80CF-47BB399A22C6}
	EndGlobalSection
EndGlobal
